
Microsoft Visual Studio Solution File, Format Version 12.00
# Visual Studio Version 16
VisualStudioVersion = 16.0.32630.194
MinimumVisualStudioVersion = 10.0.40219.1
Project("{FAE04EC0-301F-11D3-BF4B-00C04F79EFBC}") = "BillingApp", "BillingApp.csproj", "{AADA48BB-A56D-4FAF-9117-BE4FF69DAA84}"
EndProject
Global
	GlobalSection(SolutionConfigurationPlatforms) = preSolution
		Debug|Any CPU = Debug|Any CPU
		Release|Any CPU = Release|Any CPU
	EndGlobalSection
	GlobalSection(ProjectConfigurationPlatforms) = postSolution
		{AADA48BB-A56D-4FAF-9117-BE4FF69DAA84}.Debug|Any CPU.ActiveCfg = Debug|Any CPU
		{AADA48BB-A56D-4FAF-9117-BE4FF69DAA84}.Debug|Any CPU.Build.0 = Debug|Any CPU
		{AADA48BB-A56D-4FAF-9117-BE4FF69DAA84}.Release|Any CPU.ActiveCfg = Release|Any CPU
		{AADA48BB-A56D-4FAF-9117-BE4FF69DAA84}.Release|Any CPU.Build.0 = Release|Any CPU
	EndGlobalSection
	GlobalSection(SolutionProperties) = preSolution
		HideSolutionNode = FALSE
	EndGlobalSection
	GlobalSection(ExtensibilityGlobals) = postSolution
		SolutionGuid = {6DED29EC-826F-4314-B8EE-C45292DC25E8}
	EndGlobalSection
EndGlobal
